
Microsoft Visual Studio Solution File, Format Version 12.00
# Visual Studio Version 17
VisualStudioVersion = 17.8.34408.163
MinimumVisualStudioVersion = 10.0.40219.1
Project("{FAE04EC0-301F-11D3-BF4B-00C04F79EFBC}") = "EasyMetalDetector", "EasyMetalDetector.csproj", "{61FEB203-4692-47A9-8D3D-8945C160BACB}"
EndProject
Global
	GlobalSection(SolutionConfigurationPlatforms) = preSolution
		Debug|Any CPU = Debug|Any CPU
		Release|Any CPU = Release|Any CPU
	EndGlobalSection
	GlobalSection(ProjectConfigurationPlatforms) = postSolution
		{61FEB203-4692-47A9-8D3D-8945C160BACB}.Debug|Any CPU.ActiveCfg = Debug|Any CPU
		{61FEB203-4692-47A9-8D3D-8945C160BACB}.Debug|Any CPU.Build.0 = Debug|Any CPU
		{61FEB203-4692-47A9-8D3D-8945C160BACB}.Release|Any CPU.ActiveCfg = Release|Any CPU
		{61FEB203-4692-47A9-8D3D-8945C160BACB}.Release|Any CPU.Build.0 = Release|Any CPU
	EndGlobalSection
	GlobalSection(SolutionProperties) = preSolution
		HideSolutionNode = FALSE
	EndGlobalSection
	GlobalSection(ExtensibilityGlobals) = postSolution
		SolutionGuid = {464687E2-4FB3-4186-B7E4-2A2ECAC26D36}
	EndGlobalSection
EndGlobal
